// !$*UTF8*$!
{
	archiveVersion = 1;
	classes = {
	};
	objectVersion = 50;
	objects = {

/* Begin PBXBuildFile section */
		48F1E7194A15D0E559C96B7B /* Pods_Instagram.framework in Frameworks */ = {isa = PBXBuildFile; fileRef = 508778C6A315A53F4F1B6300 /* Pods_Instagram.framework */; };
		9881F1F021A34CED00DA2FAC /* AppDelegate.swift in Sources */ = {isa = PBXBuildFile; fileRef = 9881F1EF21A34CED00DA2FAC /* AppDelegate.swift */; };
		9881F1F221A34CED00DA2FAC /* ViewController.swift in Sources */ = {isa = PBXBuildFile; fileRef = 9881F1F121A34CED00DA2FAC /* ViewController.swift */; };
		9881F1F521A34CED00DA2FAC /* Main.storyboard in Resources */ = {isa = PBXBuildFile; fileRef = 9881F1F321A34CED00DA2FAC /* Main.storyboard */; };
		9881F1F721A34CEE00DA2FAC /* Assets.xcassets in Resources */ = {isa = PBXBuildFile; fileRef = 9881F1F621A34CEE00DA2FAC /* Assets.xcassets */; };
		9881F1FA21A34CEE00DA2FAC /* LaunchScreen.storyboard in Resources */ = {isa = PBXBuildFile; fileRef = 9881F1F821A34CEE00DA2FAC /* LaunchScreen.storyboard */; };
		9881F20521A34CEE00DA2FAC /* InstagramTests.swift in Sources */ = {isa = PBXBuildFile; fileRef = 9881F20421A34CEE00DA2FAC /* InstagramTests.swift */; };
		9881F21021A34CEE00DA2FAC /* InstagramUITests.swift in Sources */ = {isa = PBXBuildFile; fileRef = 9881F20F21A34CEE00DA2FAC /* InstagramUITests.swift */; };
/* End PBXBuildFile section */

/* Begin PBXContainerItemProxy section */
		9881F20121A34CEE00DA2FAC /* PBXContainerItemProxy */ = {
			isa = PBXContainerItemProxy;
			containerPortal = 9881F1E421A34CED00DA2FAC /* Project object */;
			proxyType = 1;
			remoteGlobalIDString = 9881F1EB21A34CED00DA2FAC;
			remoteInfo = Instagram;
		};
		9881F20C21A34CEE00DA2FAC /* PBXContainerItemProxy */ = {
			isa = PBXContainerItemProxy;
			containerPortal = 9881F1E421A34CED00DA2FAC /* Project object */;
			proxyType = 1;
			remoteGlobalIDString = 9881F1EB21A34CED00DA2FAC;
			remoteInfo = Instagram;
		};
/* End PBXContainerItemProxy section */

/* Begin PBXFileReference section */
		146612FE6479894D30CCFEBF /* Pods-Instagram.release.xcconfig */ = {isa = PBXFileReference; includeInIndex = 1; lastKnownFileType = text.xcconfig; name = "Pods-Instagram.release.xcconfig"; path = "Pods/Target Support Files/Pods-Instagram/Pods-Instagram.release.xcconfig"; sourceTree = "<group>"; };
		508778C6A315A53F4F1B6300 /* Pods_Instagram.framework */ = {isa = PBXFileReference; explicitFileType = wrapper.framework; includeInIndex = 0; path = Pods_Instagram.framework; sourceTree = BUILT_PRODUCTS_DIR; };
		9881F1EC21A34CED00DA2FAC /* Instagram.app */ = {isa = PBXFileReference; explicitFileType = wrapper.application; includeInIndex = 0; path = Instagram.app; sourceTree = BUILT_PRODUCTS_DIR; };
		9881F1EF21A34CED00DA2FAC /* AppDelegate.swift */ = {isa = PBXFileReference; lastKnownFileType = sourcecode.swift; path = AppDelegate.swift; sourceTree = "<group>"; };
		9881F1F121A34CED00DA2FAC /* ViewController.swift */ = {isa = PBXFileReference; lastKnownFileType = sourcecode.swift; path = ViewController.swift; sourceTree = "<group>"; };
		9881F1F421A34CED00DA2FAC /* Base */ = {isa = PBXFileReference; lastKnownFileType = file.storyboard; name = Base; path = Base.lproj/Main.storyboard; sourceTree = "<group>"; };
		9881F1F621A34CEE00DA2FAC /* Assets.xcassets */ = {isa = PBXFileReference; lastKnownFileType = folder.assetcatalog; path = Assets.xcassets; sourceTree = "<group>"; };
		9881F1F921A34CEE00DA2FAC /* Base */ = {isa = PBXFileReference; lastKnownFileType = file.storyboard; name = Base; path = Base.lproj/LaunchScreen.storyboard; sourceTree = "<group>"; };
		9881F1FB21A34CEE00DA2FAC /* Info.plist */ = {isa = PBXFileReference; lastKnownFileType = text.plist.xml; path = Info.plist; sourceTree = "<group>"; };
		9881F20021A34CEE00DA2FAC /* InstagramTests.xctest */ = {isa = PBXFileReference; explicitFileType = wrapper.cfbundle; includeInIndex = 0; path = InstagramTests.xctest; sourceTree = BUILT_PRODUCTS_DIR; };
		9881F20421A34CEE00DA2FAC /* InstagramTests.swift */ = {isa = PBXFileReference; lastKnownFileType = sourcecode.swift; path = InstagramTests.swift; sourceTree = "<group>"; };
		9881F20621A34CEE00DA2FAC /* Info.plist */ = {isa = PBXFileReference; lastKnownFileType = text.plist.xml; path = Info.plist; sourceTree = "<group>"; };
		9881F20B21A34CEE00DA2FAC /* InstagramUITests.xctest */ = {isa = PBXFileReference; explicitFileType = wrapper.cfbundle; includeInIndex = 0; path = InstagramUITests.xctest; sourceTree = BUILT_PRODUCTS_DIR; };
		9881F20F21A34CEE00DA2FAC /* InstagramUITests.swift */ = {isa = PBXFileReference; lastKnownFileType = sourcecode.swift; path = InstagramUITests.swift; sourceTree = "<group>"; };
		9881F21121A34CEE00DA2FAC /* Info.plist */ = {isa = PBXFileReference; lastKnownFileType = text.plist.xml; path = Info.plist; sourceTree = "<group>"; };
		AA14A9CCA307A5F60C4856DE /* Pods-Instagram.debug.xcconfig */ = {isa = PBXFileReference; includeInIndex = 1; lastKnownFileType = text.xcconfig; name = "Pods-Instagram.debug.xcconfig"; path = "Pods/Target Support Files/Pods-Instagram/Pods-Instagram.debug.xcconfig"; sourceTree = "<group>"; };
/* End PBXFileReference section */

/* Begin PBXFrameworksBuildPhase section */
		9881F1E921A34CED00DA2FAC /* Frameworks */ = {
			isa = PBXFrameworksBuildPhase;
			buildActionMask = 2147483647;
			files = (
				48F1E7194A15D0E559C96B7B /* Pods_Instagram.framework in Frameworks */,
			);
			runOnlyForDeploymentPostprocessing = 0;
		};
		9881F1FD21A34CEE00DA2FAC /* Frameworks */ = {
			isa = PBXFrameworksBuildPhase;
			buildActionMask = 2147483647;
			files = (
			);
			runOnlyForDeploymentPostprocessing = 0;
		};
		9881F20821A34CEE00DA2FAC /* Frameworks */ = {
			isa = PBXFrameworksBuildPhase;
			buildActionMask = 2147483647;
			files = (
			);
			runOnlyForDeploymentPostprocessing = 0;
		};
/* End PBXFrameworksBuildPhase section */

/* Begin PBXGroup section */
		679533BB8C2159E2BF926210 /* Frameworks */ = {
			isa = PBXGroup;
			children = (
				508778C6A315A53F4F1B6300 /* Pods_Instagram.framework */,
			);
			name = Frameworks;
			sourceTree = "<group>";
		};
		9881F1E321A34CED00DA2FAC = {
			isa = PBXGroup;
			children = (
				9881F1EE21A34CED00DA2FAC /* Instagram */,
				9881F20321A34CEE00DA2FAC /* InstagramTests */,
				9881F20E21A34CEE00DA2FAC /* InstagramUITests */,
				9881F1ED21A34CED00DA2FAC /* Products */,
				9DEC38F46E105B45063141D0 /* Pods */,
				679533BB8C2159E2BF926210 /* Frameworks */,
			);
			sourceTree = "<group>";
		};
		9881F1ED21A34CED00DA2FAC /* Products */ = {
			isa = PBXGroup;
			children = (
				9881F1EC21A34CED00DA2FAC /* Instagram.app */,
				9881F20021A34CEE00DA2FAC /* InstagramTests.xctest */,
				9881F20B21A34CEE00DA2FAC /* InstagramUITests.xctest */,
			);
			name = Products;
			sourceTree = "<group>";
		};
		9881F1EE21A34CED00DA2FAC /* Instagram */ = {
			isa = PBXGroup;
			children = (
				9881F1EF21A34CED00DA2FAC /* AppDelegate.swift */,
				9881F1F121A34CED00DA2FAC /* ViewController.swift */,
				9881F1F621A34CEE00DA2FAC /* Assets.xcassets */,
				9881F1F821A34CEE00DA2FAC /* LaunchScreen.storyboard */,
				9881F1FB21A34CEE00DA2FAC /* Info.plist */,
				9881F1F321A34CED00DA2FAC /* Main.storyboard */,
			);
			path = Instagram;
			sourceTree = "<group>";
		};
		9881F20321A34CEE00DA2FAC /* InstagramTests */ = {
			isa = PBXGroup;
			children = (
				9881F20421A34CEE00DA2FAC /* InstagramTests.swift */,
				9881F20621A34CEE00DA2FAC /* Info.plist */,
			);
			path = InstagramTests;
			sourceTree = "<group>";
		};
		9881F20E21A34CEE00DA2FAC /* InstagramUITests */ = {
			isa = PBXGroup;
			children = (
				9881F20F21A34CEE00DA2FAC /* InstagramUITests.swift */,
				9881F21121A34CEE00DA2FAC /* Info.plist */,
			);
			path = InstagramUITests;
			sourceTree = "<group>";
		};
		9DEC38F46E105B45063141D0 /* Pods */ = {
			isa = PBXGroup;
			children = (
				AA14A9CCA307A5F60C4856DE /* Pods-Instagram.debug.xcconfig */,
				146612FE6479894D30CCFEBF /* Pods-Instagram.release.xcconfig */,
			);
			name = Pods;
			sourceTree = "<group>";
		};
/* End PBXGroup section */

/* Begin PBXNativeTarget section */
		9881F1EB21A34CED00DA2FAC /* Instagram */ = {
			isa = PBXNativeTarget;
			buildConfigurationList = 9881F21421A34CEE00DA2FAC /* Build configuration list for PBXNativeTarget "Instagram" */;
			buildPhases = (
				A83CDC650B662E36EE7E0797 /* [CP] Check Pods Manifest.lock */,
				9881F1E821A34CED00DA2FAC /* Sources */,
				9881F1E921A34CED00DA2FAC /* Frameworks */,
				9881F1EA21A34CED00DA2FAC /* Resources */,
				AB05027C32C3565CB191D613 /* [CP] Embed Pods Frameworks */,
			);
			buildRules = (
			);
			dependencies = (
			);
			name = Instagram;
			productName = Instagram;
			productReference = 9881F1EC21A34CED00DA2FAC /* Instagram.app */;
			productType = "com.apple.product-type.application";
		};
		9881F1FF21A34CEE00DA2FAC /* InstagramTests */ = {
			isa = PBXNativeTarget;
			buildConfigurationList = 9881F21721A34CEE00DA2FAC /* Build configuration list for PBXNativeTarget "InstagramTests" */;
			buildPhases = (
				9881F1FC21A34CEE00DA2FAC /* Sources */,
				9881F1FD21A34CEE00DA2FAC /* Frameworks */,
				9881F1FE21A34CEE00DA2FAC /* Resources */,
			);
			buildRules = (
			);
			dependencies = (
				9881F20221A34CEE00DA2FAC /* PBXTargetDependency */,
			);
			name = InstagramTests;
			productName = InstagramTests;
			productReference = 9881F20021A34CEE00DA2FAC /* InstagramTests.xctest */;
			productType = "com.apple.product-type.bundle.unit-test";
		};
		9881F20A21A34CEE00DA2FAC /* InstagramUITests */ = {
			isa = PBXNativeTarget;
			buildConfigurationList = 9881F21A21A34CEE00DA2FAC /* Build configuration list for PBXNativeTarget "InstagramUITests" */;
			buildPhases = (
				9881F20721A34CEE00DA2FAC /* Sources */,
				9881F20821A34CEE00DA2FAC /* Frameworks */,
				9881F20921A34CEE00DA2FAC /* Resources */,
			);
			buildRules = (
			);
			dependencies = (
				9881F20D21A34CEE00DA2FAC /* PBXTargetDependency */,
			);
			name = InstagramUITests;
			productName = InstagramUITests;
			productReference = 9881F20B21A34CEE00DA2FAC /* InstagramUITests.xctest */;
			productType = "com.apple.product-type.bundle.ui-testing";
		};
/* End PBXNativeTarget section */

/* Begin PBXProject section */
		9881F1E421A34CED00DA2FAC /* Project object */ = {
			isa = PBXProject;
			attributes = {
				LastSwiftUpdateCheck = 1000;
				LastUpgradeCheck = 1000;
				ORGANIZATIONNAME = "Ermal Bujupaj";
				TargetAttributes = {
					9881F1EB21A34CED00DA2FAC = {
						CreatedOnToolsVersion = 10.0;
					};
					9881F1FF21A34CEE00DA2FAC = {
						CreatedOnToolsVersion = 10.0;
						TestTargetID = 9881F1EB21A34CED00DA2FAC;
					};
					9881F20A21A34CEE00DA2FAC = {
						CreatedOnToolsVersion = 10.0;
						TestTargetID = 9881F1EB21A34CED00DA2FAC;
					};
				};
			};
			buildConfigurationList = 9881F1E721A34CED00DA2FAC /* Build configuration list for PBXProject "Instagram" */;
			compatibilityVersion = "Xcode 9.3";
			developmentRegion = en;
			hasScannedForEncodings = 0;
			knownRegions = (
				en,
				Base,
			);
			mainGroup = 9881F1E321A34CED00DA2FAC;
			productRefGroup = 9881F1ED21A34CED00DA2FAC /* Products */;
			projectDirPath = "";
			projectRoot = "";
			targets = (
				9881F1EB21A34CED00DA2FAC /* Instagram */,
				9881F1FF21A34CEE00DA2FAC /* InstagramTests */,
				9881F20A21A34CEE00DA2FAC /* InstagramUITests */,
			);
		};
/* End PBXProject section */

/* Begin PBXResourcesBuildPhase section */
		9881F1EA21A34CED00DA2FAC /* Resources */ = {
			isa = PBXResourcesBuildPhase;
			buildActionMask = 2147483647;
			files = (
				9881F1FA21A34CEE00DA2FAC /* LaunchScreen.storyboard in Resources */,
				9881F1F721A34CEE00DA2FAC /* Assets.xcassets in Resources */,
				9881F1F521A34CED00DA2FAC /* Main.storyboard in Resources */,
			);
			runOnlyForDeploymentPostprocessing = 0;
		};
		9881F1FE21A34CEE00DA2FAC /* Resources */ = {
			isa = PBXResourcesBuildPhase;
			buildActionMask = 2147483647;
			files = (
			);
			runOnlyForDeploymentPostprocessing = 0;
		};
		9881F20921A34CEE00DA2FAC /* Resources */ = {
			isa = PBXResourcesBuildPhase;
			buildActionMask = 2147483647;
			files = (
			);
			runOnlyForDeploymentPostprocessing = 0;
		};
/* End PBXResourcesBuildPhase section */

/* Begin PBXShellScriptBuildPhase section */
		A83CDC650B662E36EE7E0797 /* [CP] Check Pods Manifest.lock */ = {
			isa = PBXShellScriptBuildPhase;
			buildActionMask = 2147483647;
			files = (
			);
			inputPaths = (
				"${PODS_PODFILE_DIR_PATH}/Podfile.lock",
				"${PODS_ROOT}/Manifest.lock",
			);
			name = "[CP] Check Pods Manifest.lock";
			outputPaths = (
				"$(DERIVED_FILE_DIR)/Pods-Instagram-checkManifestLockResult.txt",
			);
			runOnlyForDeploymentPostprocessing = 0;
			shellPath = /bin/sh;
			shellScript = "diff \"${PODS_PODFILE_DIR_PATH}/Podfile.lock\" \"${PODS_ROOT}/Manifest.lock\" > /dev/null\nif [ $? != 0 ] ; then\n    # print error to STDERR\n    echo \"error: The sandbox is not in sync with the Podfile.lock. Run 'pod install' or update your CocoaPods installation.\" >&2\n    exit 1\nfi\n# This output is used by Xcode 'outputs' to avoid re-running this script phase.\necho \"SUCCESS\" > \"${SCRIPT_OUTPUT_FILE_0}\"\n";
			showEnvVarsInLog = 0;
		};
		AB05027C32C3565CB191D613 /* [CP] Embed Pods Frameworks */ = {
			isa = PBXShellScriptBuildPhase;
			buildActionMask = 2147483647;
			files = (
			);
			inputPaths = (
				"${SRCROOT}/Pods/Target Support Files/Pods-Instagram/Pods-Instagram-frameworks.sh",
				"${BUILT_PRODUCTS_DIR}/SnapKit/SnapKit.framework",
			);
			name = "[CP] Embed Pods Frameworks";
			outputPaths = (
				"${TARGET_BUILD_DIR}/${FRAMEWORKS_FOLDER_PATH}/SnapKit.framework",
			);
			runOnlyForDeploymentPostprocessing = 0;
			shellPath = /bin/sh;
			shellScript = "\"${SRCROOT}/Pods/Target Support Files/Pods-Instagram/Pods-Instagram-frameworks.sh\"\n";
			showEnvVarsInLog = 0;
		};
/* End PBXShellScriptBuildPhase section */

/* Begin PBXSourcesBuildPhase section */
		9881F1E821A34CED00DA2FAC /* Sources */ = {
			isa = PBXSourcesBuildPhase;
			buildActionMask = 2147483647;
			files = (
				9881F1F221A34CED00DA2FAC /* ViewController.swift in Sources */,
				9881F1F021A34CED00DA2FAC /* AppDelegate.swift in Sources */,
			);
			runOnlyForDeploymentPostprocessing = 0;
		};
		9881F1FC21A34CEE00DA2FAC /* Sources */ = {
			isa = PBXSourcesBuildPhase;
			buildActionMask = 2147483647;
			files = (
				9881F20521A34CEE00DA2FAC /* InstagramTests.swift in Sources */,
			);
			runOnlyForDeploymentPostprocessing = 0;
		};
		9881F20721A34CEE00DA2FAC /* Sources */ = {
			isa = PBXSourcesBuildPhase;
			buildActionMask = 2147483647;
			files = (
				9881F21021A34CEE00DA2FAC /* InstagramUITests.swift in Sources */,
			);
			runOnlyForDeploymentPostprocessing = 0;
		};
/* End PBXSourcesBuildPhase section */

/* Begin PBXTargetDependency section */
		9881F20221A34CEE00DA2FAC /* PBXTargetDependency */ = {
			isa = PBXTargetDependency;
			target = 9881F1EB21A34CED00DA2FAC /* Instagram */;
			targetProxy = 9881F20121A34CEE00DA2FAC /* PBXContainerItemProxy */;
		};
		9881F20D21A34CEE00DA2FAC /* PBXTargetDependency */ = {
			isa = PBXTargetDependency;
			target = 9881F1EB21A34CED00DA2FAC /* Instagram */;
			targetProxy = 9881F20C21A34CEE00DA2FAC /* PBXContainerItemProxy */;
		};
/* End PBXTargetDependency section */

/* Begin PBXVariantGroup section */
		9881F1F321A34CED00DA2FAC /* Main.storyboard */ = {
			isa = PBXVariantGroup;
			children = (
				9881F1F421A34CED00DA2FAC /* Base */,
			);
			name = Main.storyboard;
			sourceTree = "<group>";
		};
		9881F1F821A34CEE00DA2FAC /* LaunchScreen.storyboard */ = {
			isa = PBXVariantGroup;
			children = (
				9881F1F921A34CEE00DA2FAC /* Base */,
			);
			name = LaunchScreen.storyboard;
			sourceTree = "<group>";
		};
/* End PBXVariantGroup section */

/* Begin XCBuildConfiguration section */
		9881F21221A34CEE00DA2FAC /* Debug */ = {
			isa = XCBuildConfiguration;
			buildSettings = {
				ALWAYS_SEARCH_USER_PATHS = NO;
				CLANG_ANALYZER_NONNULL = YES;
				CLANG_ANALYZER_NUMBER_OBJECT_CONVERSION = YES_AGGRESSIVE;
				CLANG_CXX_LANGUAGE_STANDARD = "gnu++14";
				CLANG_CXX_LIBRARY = "libc++";
				CLANG_ENABLE_MODULES = YES;
				CLANG_ENABLE_OBJC_ARC = YES;
				CLANG_ENABLE_OBJC_WEAK = YES;
				CLANG_WARN_BLOCK_CAPTURE_AUTORELEASING = YES;
				CLANG_WARN_BOOL_CONVERSION = YES;
				CLANG_WARN_COMMA = YES;
				CLANG_WARN_CONSTANT_CONVERSION = YES;
				CLANG_WARN_DEPRECATED_OBJC_IMPLEMENTATIONS = YES;
				CLANG_WARN_DIRECT_OBJC_ISA_USAGE = YES_ERROR;
				CLANG_WARN_DOCUMENTATION_COMMENTS = YES;
				CLANG_WARN_EMPTY_BODY = YES;
				CLANG_WARN_ENUM_CONVERSION = YES;
				CLANG_WARN_INFINITE_RECURSION = YES;
				CLANG_WARN_INT_CONVERSION = YES;
				CLANG_WARN_NON_LITERAL_NULL_CONVERSION = YES;
				CLANG_WARN_OBJC_IMPLICIT_RETAIN_SELF = YES;
				CLANG_WARN_OBJC_LITERAL_CONVERSION = YES;
				CLANG_WARN_OBJC_ROOT_CLASS = YES_ERROR;
				CLANG_WARN_RANGE_LOOP_ANALYSIS = YES;
				CLANG_WARN_STRICT_PROTOTYPES = YES;
				CLANG_WARN_SUSPICIOUS_MOVE = YES;
				CLANG_WARN_UNGUARDED_AVAILABILITY = YES_AGGRESSIVE;
				CLANG_WARN_UNREACHABLE_CODE = YES;
				CLANG_WARN__DUPLICATE_METHOD_MATCH = YES;
				CODE_SIGN_IDENTITY = "iPhone Developer";
				COPY_PHASE_STRIP = NO;
				DEBUG_INFORMATION_FORMAT = dwarf;
				ENABLE_STRICT_OBJC_MSGSEND = YES;
				ENABLE_TESTABILITY = YES;
				GCC_C_LANGUAGE_STANDARD = gnu11;
				GCC_DYNAMIC_NO_PIC = NO;
				GCC_NO_COMMON_BLOCKS = YES;
				GCC_OPTIMIZATION_LEVEL = 0;
				GCC_PREPROCESSOR_DEFINITIONS = (
					"DEBUG=1",
					"$(inherited)",
				);
				GCC_WARN_64_TO_32_BIT_CONVERSION = YES;
				GCC_WARN_ABOUT_RETURN_TYPE = YES_ERROR;
				GCC_WARN_UNDECLARED_SELECTOR = YES;
				GCC_WARN_UNINITIALIZED_AUTOS = YES_AGGRESSIVE;
				GCC_WARN_UNUSED_FUNCTION = YES;
				GCC_WARN_UNUSED_VARIABLE = YES;
				IPHONEOS_DEPLOYMENT_TARGET = 12.0;
				MTL_ENABLE_DEBUG_INFO = INCLUDE_SOURCE;
				MTL_FAST_MATH = YES;
				ONLY_ACTIVE_ARCH = YES;
				SDKROOT = iphoneos;
				SWIFT_ACTIVE_COMPILATION_CONDITIONS = DEBUG;
				SWIFT_OPTIMIZATION_LEVEL = "-Onone";
			};
			name = Debug;
		};
		9881F21321A34CEE00DA2FAC /* Release */ = {
			isa = XCBuildConfiguration;
			buildSettings = {
				ALWAYS_SEARCH_USER_PATHS = NO;
				CLANG_ANALYZER_NONNULL = YES;
				CLANG_ANALYZER_NUMBER_OBJECT_CONVERSION = YES_AGGRESSIVE;
				CLANG_CXX_LANGUAGE_STANDARD = "gnu++14";
				CLANG_CXX_LIBRARY = "libc++";
				CLANG_ENABLE_MODULES = YES;
				CLANG_ENABLE_OBJC_ARC = YES;
				CLANG_ENABLE_OBJC_WEAK = YES;
				CLANG_WARN_BLOCK_CAPTURE_AUTORELEASING = YES;
				CLANG_WARN_BOOL_CONVERSION = YES;
				CLANG_WARN_COMMA = YES;
				CLANG_WARN_CONSTANT_CONVERSION = YES;
				CLANG_WARN_DEPRECATED_OBJC_IMPLEMENTATIONS = YES;
				CLANG_WARN_DIRECT_OBJC_ISA_USAGE = YES_ERROR;
				CLANG_WARN_DOCUMENTATION_COMMENTS = YES;
				CLANG_WARN_EMPTY_BODY = YES;
				CLANG_WARN_ENUM_CONVERSION = YES;
				CLANG_WARN_INFINITE_RECURSION = YES;
				CLANG_WARN_INT_CONVERSION = YES;
				CLANG_WARN_NON_LITERAL_NULL_CONVERSION = YES;
				CLANG_WARN_OBJC_IMPLICIT_RETAIN_SELF = YES;
				CLANG_WARN_OBJC_LITERAL_CONVERSION = YES;
				CLANG_WARN_OBJC_ROOT_CLASS = YES_ERROR;
				CLANG_WARN_RANGE_LOOP_ANALYSIS = YES;
				CLANG_WARN_STRICT_PROTOTYPES = YES;
				CLANG_WARN_SUSPICIOUS_MOVE = YES;
				CLANG_WARN_UNGUARDED_AVAILABILITY = YES_AGGRESSIVE;
				CLANG_WARN_UNREACHABLE_CODE = YES;
				CLANG_WARN__DUPLICATE_METHOD_MATCH = YES;
				CODE_SIGN_IDENTITY = "iPhone Developer";
				COPY_PHASE_STRIP = NO;
				DEBUG_INFORMATION_FORMAT = "dwarf-with-dsym";
				ENABLE_NS_ASSERTIONS = NO;
				ENABLE_STRICT_OBJC_MSGSEND = YES;
				GCC_C_LANGUAGE_STANDARD = gnu11;
				GCC_NO_COMMON_BLOCKS = YES;
				GCC_WARN_64_TO_32_BIT_CONVERSION = YES;
				GCC_WARN_ABOUT_RETURN_TYPE = YES_ERROR;
				GCC_WARN_UNDECLARED_SELECTOR = YES;
				GCC_WARN_UNINITIALIZED_AUTOS = YES_AGGRESSIVE;
				GCC_WARN_UNUSED_FUNCTION = YES;
				GCC_WARN_UNUSED_VARIABLE = YES;
				IPHONEOS_DEPLOYMENT_TARGET = 12.0;
				MTL_ENABLE_DEBUG_INFO = NO;
				MTL_FAST_MATH = YES;
				SDKROOT = iphoneos;
				SWIFT_COMPILATION_MODE = wholemodule;
				SWIFT_OPTIMIZATION_LEVEL = "-O";
				VALIDATE_PRODUCT = YES;
			};
			name = Release;
		};
		9881F21521A34CEE00DA2FAC /* Debug */ = {
			isa = XCBuildConfiguration;
			baseConfigurationReference = AA14A9CCA307A5F60C4856DE /* Pods-Instagram.debug.xcconfig */;
			buildSettings = {
				ASSETCATALOG_COMPILER_APPICON_NAME = AppIcon;
				CODE_SIGN_STYLE = Automatic;
				INFOPLIST_FILE = Instagram/Info.plist;
				LD_RUNPATH_SEARCH_PATHS = "$(inherited) @executable_path/Frameworks";
				PRODUCT_BUNDLE_IDENTIFIER = ermalbujupaj.Instagram;
				PRODUCT_NAME = "$(TARGET_NAME)";
				SWIFT_VERSION = 4.2;
				TARGETED_DEVICE_FAMILY = "1,2";
			};
			name = Debug;
		};
		9881F21621A34CEE00DA2FAC /* Release */ = {
			isa = XCBuildConfiguration;
			baseConfigurationReference = 146612FE6479894D30CCFEBF /* Pods-Instagram.release.xcconfig */;
			buildSettings = {
				ASSETCATALOG_COMPILER_APPICON_NAME = AppIcon;
				CODE_SIGN_STYLE = Automatic;
				INFOPLIST_FILE = Instagram/Info.plist;
				LD_RUNPATH_SEARCH_PATHS = "$(inherited) @executable_path/Frameworks";
				PRODUCT_BUNDLE_IDENTIFIER = ermalbujupaj.Instagram;
				PRODUCT_NAME = "$(TARGET_NAME)";
				SWIFT_VERSION = 4.2;
				TARGETED_DEVICE_FAMILY = "1,2";
			};
			name = Release;
		};
		9881F21821A34CEE00DA2FAC /* Debug */ = {
			isa = XCBuildConfiguration;
			buildSettings = {
				ALWAYS_EMBED_SWIFT_STANDARD_LIBRARIES = YES;
				BUNDLE_LOADER = "$(TEST_HOST)";
				CODE_SIGN_STYLE = Automatic;
				INFOPLIST_FILE = InstagramTests/Info.plist;
				LD_RUNPATH_SEARCH_PATHS = "$(inherited) @executable_path/Frameworks @loader_path/Frameworks";
				PRODUCT_BUNDLE_IDENTIFIER = ermalbujupaj.InstagramTests;
				PRODUCT_NAME = "$(TARGET_NAME)";
				SWIFT_VERSION = 4.2;
				TARGETED_DEVICE_FAMILY = "1,2";
				TEST_HOST = "$(BUILT_PRODUCTS_DIR)/Instagram.app/Instagram";
			};
			name = Debug;
		};
		9881F21921A34CEE00DA2FAC /* Release */ = {
			isa = XCBuildConfiguration;
			buildSettings = {
				ALWAYS_EMBED_SWIFT_STANDARD_LIBRARIES = YES;
				BUNDLE_LOADER = "$(TEST_HOST)";
				CODE_SIGN_STYLE = Automatic;
				INFOPLIST_FILE = InstagramTests/Info.plist;
				LD_RUNPATH_SEARCH_PATHS = "$(inherited) @executable_path/Frameworks @loader_path/Frameworks";
				PRODUCT_BUNDLE_IDENTIFIER = ermalbujupaj.InstagramTests;
				PRODUCT_NAME = "$(TARGET_NAME)";
				SWIFT_VERSION = 4.2;
				TARGETED_DEVICE_FAMILY = "1,2";
				TEST_HOST = "$(BUILT_PRODUCTS_DIR)/Instagram.app/Instagram";
			};
			name = Release;
		};
		9881F21B21A34CEE00DA2FAC /* Debug */ = {
			isa = XCBuildConfiguration;
			buildSettings = {
				ALWAYS_EMBED_SWIFT_STANDARD_LIBRARIES = YES;
				CODE_SIGN_STYLE = Automatic;
				INFOPLIST_FILE = InstagramUITests/Info.plist;
				LD_RUNPATH_SEARCH_PATHS = "$(inherited) @executable_path/Frameworks @loader_path/Frameworks";
				PRODUCT_BUNDLE_IDENTIFIER = ermalbujupaj.InstagramUITests;
				PRODUCT_NAME = "$(TARGET_NAME)";
				SWIFT_VERSION = 4.2;
				TARGETED_DEVICE_FAMILY = "1,2";
				TEST_TARGET_NAME = Instagram;
			};
			name = Debug;
		};
		9881F21C21A34CEE00DA2FAC /* Release */ = {
			isa = XCBuildConfiguration;
			buildSettings = {
				ALWAYS_EMBED_SWIFT_STANDARD_LIBRARIES = YES;
				CODE_SIGN_STYLE = Automatic;
				INFOPLIST_FILE = InstagramUITests/Info.plist;
				LD_RUNPATH_SEARCH_PATHS = "$(inherited) @executable_path/Frameworks @loader_path/Frameworks";
				PRODUCT_BUNDLE_IDENTIFIER = ermalbujupaj.InstagramUITests;
				PRODUCT_NAME = "$(TARGET_NAME)";
				SWIFT_VERSION = 4.2;
				TARGETED_DEVICE_FAMILY = "1,2";
				TEST_TARGET_NAME = Instagram;
			};
			name = Release;
		};
/* End XCBuildConfiguration section */

/* Begin XCConfigurationList section */
		9881F1E721A34CED00DA2FAC /* Build configuration list for PBXProject "Instagram" */ = {
			isa = XCConfigurationList;
			buildConfigurations = (
				9881F21221A34CEE00DA2FAC /* Debug */,
				9881F21321A34CEE00DA2FAC /* Release */,
			);
			defaultConfigurationIsVisible = 0;
			defaultConfigurationName = Release;
		};
		9881F21421A34CEE00DA2FAC /* Build configuration list for PBXNativeTarget "Instagram" */ = {
			isa = XCConfigurationList;
			buildConfigurations = (
				9881F21521A34CEE00DA2FAC /* Debug */,
				9881F21621A34CEE00DA2FAC /* Release */,
			);
			defaultConfigurationIsVisible = 0;
			defaultConfigurationName = Release;
		};
		9881F21721A34CEE00DA2FAC /* Build configuration list for PBXNativeTarget "InstagramTests" */ = {
			isa = XCConfigurationList;
			buildConfigurations = (
				9881F21821A34CEE00DA2FAC /* Debug */,
				9881F21921A34CEE00DA2FAC /* Release */,
			);
			defaultConfigurationIsVisible = 0;
			defaultConfigurationName = Release;
		};
		9881F21A21A34CEE00DA2FAC /* Build configuration list for PBXNativeTarget "InstagramUITests" */ = {
			isa = XCConfigurationList;
			buildConfigurations = (
				9881F21B21A34CEE00DA2FAC /* Debug */,
				9881F21C21A34CEE00DA2FAC /* Release */,
			);
			defaultConfigurationIsVisible = 0;
			defaultConfigurationName = Release;
		};
/* End XCConfigurationList section */
	};
	rootObject = 9881F1E421A34CED00DA2FAC /* Project object */;
}
